
Microsoft Visual Studio Solution File, Format Version 12.00
# Visual Studio Version 17
VisualStudioVersion = 17.5.002.0
MinimumVisualStudioVersion = 10.0.40219.1
Project("{9A19103F-16F7-4668-BE54-9A1E7A4F7556}") = "2- Estruturas repeticao", "2- Estruturas repeticao.csproj", "{4FC78946-E431-41E0-9AEC-E01AFD34613E}"
EndProject
Global
	GlobalSection(SolutionConfigurationPlatforms) = preSolution
		Debug|Any CPU = Debug|Any CPU
		Release|Any CPU = Release|Any CPU
	EndGlobalSection
	GlobalSection(ProjectConfigurationPlatforms) = postSolution
		{4FC78946-E431-41E0-9AEC-E01AFD34613E}.Debug|Any CPU.ActiveCfg = Debug|Any CPU
		{4FC78946-E431-41E0-9AEC-E01AFD34613E}.Debug|Any CPU.Build.0 = Debug|Any CPU
		{4FC78946-E431-41E0-9AEC-E01AFD34613E}.Release|Any CPU.ActiveCfg = Release|Any CPU
		{4FC78946-E431-41E0-9AEC-E01AFD34613E}.Release|Any CPU.Build.0 = Release|Any CPU
	EndGlobalSection
	GlobalSection(SolutionProperties) = preSolution
		HideSolutionNode = FALSE
	EndGlobalSection
	GlobalSection(ExtensibilityGlobals) = postSolution
		SolutionGuid = {A0B285E1-9710-4844-B1AB-23ACBA74CC47}
	EndGlobalSection
EndGlobal
